
Microsoft Visual Studio Solution File, Format Version 12.00
# Visual Studio Version 17
VisualStudioVersion = 17.6.33815.320
MinimumVisualStudioVersion = 10.0.40219.1
Project("{9A19103F-16F7-4668-BE54-9A1E7A4F7556}") = "MySuperCompany.API", "MySuperCompany.API.csproj", "{AFDDEE20-F56F-474C-B69E-61E751AD7A31}"
EndProject
Project("{9A19103F-16F7-4668-BE54-9A1E7A4F7556}") = "MySuperCompany.Domain", "..\MySuperCompany.Domain\MySuperCompany.Domain.csproj", "{EF291199-547C-4817-990D-88739DEC1BFB}"
EndProject
Project("{9A19103F-16F7-4668-BE54-9A1E7A4F7556}") = "MySuperCompany.Infrastructure", "..\MySuperCompany.Infrastructure\MySuperCompany.Infrastructure.csproj", "{2DCA0E54-5AD9-4E52-8326-0834D06D83BF}"
EndProject
Project("{FAE04EC0-301F-11D3-BF4B-00C04F79EFBC}") = "MySuperCompany.DAL", "..\MySuperCompany.DAL\MySuperCompany.DAL.csproj", "{7A9CD59F-5790-4F6C-91E6-9D3316D65C18}"
EndProject
Global
	GlobalSection(SolutionConfigurationPlatforms) = preSolution
		Debug|Any CPU = Debug|Any CPU
		Release|Any CPU = Release|Any CPU
	EndGlobalSection
	GlobalSection(ProjectConfigurationPlatforms) = postSolution
		{AFDDEE20-F56F-474C-B69E-61E751AD7A31}.Debug|Any CPU.ActiveCfg = Debug|Any CPU
		{AFDDEE20-F56F-474C-B69E-61E751AD7A31}.Debug|Any CPU.Build.0 = Debug|Any CPU
		{AFDDEE20-F56F-474C-B69E-61E751AD7A31}.Release|Any CPU.ActiveCfg = Release|Any CPU
		{AFDDEE20-F56F-474C-B69E-61E751AD7A31}.Release|Any CPU.Build.0 = Release|Any CPU
		{EF291199-547C-4817-990D-88739DEC1BFB}.Debug|Any CPU.ActiveCfg = Debug|Any CPU
		{EF291199-547C-4817-990D-88739DEC1BFB}.Debug|Any CPU.Build.0 = Debug|Any CPU
		{EF291199-547C-4817-990D-88739DEC1BFB}.Release|Any CPU.ActiveCfg = Release|Any CPU
		{EF291199-547C-4817-990D-88739DEC1BFB}.Release|Any CPU.Build.0 = Release|Any CPU
		{2DCA0E54-5AD9-4E52-8326-0834D06D83BF}.Debug|Any CPU.ActiveCfg = Debug|Any CPU
		{2DCA0E54-5AD9-4E52-8326-0834D06D83BF}.Debug|Any CPU.Build.0 = Debug|Any CPU
		{2DCA0E54-5AD9-4E52-8326-0834D06D83BF}.Release|Any CPU.ActiveCfg = Release|Any CPU
		{2DCA0E54-5AD9-4E52-8326-0834D06D83BF}.Release|Any CPU.Build.0 = Release|Any CPU
		{7A9CD59F-5790-4F6C-91E6-9D3316D65C18}.Debug|Any CPU.ActiveCfg = Debug|Any CPU
		{7A9CD59F-5790-4F6C-91E6-9D3316D65C18}.Debug|Any CPU.Build.0 = Debug|Any CPU
		{7A9CD59F-5790-4F6C-91E6-9D3316D65C18}.Release|Any CPU.ActiveCfg = Release|Any CPU
		{7A9CD59F-5790-4F6C-91E6-9D3316D65C18}.Release|Any CPU.Build.0 = Release|Any CPU
	EndGlobalSection
	GlobalSection(SolutionProperties) = preSolution
		HideSolutionNode = FALSE
	EndGlobalSection
	GlobalSection(ExtensibilityGlobals) = postSolution
		SolutionGuid = {4BC796B5-3707-4B90-A7F2-5E2953068442}
	EndGlobalSection
EndGlobal
